// !$*UTF8*$!
{
	archiveVersion = 1;
	classes = {
	};
	objectVersion = 46;
	objects = {

/* Begin PBXBuildFile section */
		F5B822CA1A1BD527000BE6C7 /* main.c in Sources */ = {isa = PBXBuildFile; fileRef = F5B822C91A1BD527000BE6C7 /* main.c */; };
/* End PBXBuildFile section */

/* Begin PBXCopyFilesBuildPhase section */
		F5B822C41A1BD527000BE6C7 /* CopyFiles */ = {
			isa = PBXCopyFilesBuildPhase;
			buildActionMask = 2147483647;
			dstPath = /usr/share/man/man1/;
			dstSubfolderSpec = 0;
			files = (
			);
			runOnlyForDeploymentPostprocessing = 1;
		};
/* End PBXCopyFilesBuildPhase section */

/* Begin PBXFileReference section */
		F5B822C61A1BD527000BE6C7 /* guessing number */ = {isa = PBXFileReference; explicitFileType = "compiled.mach-o.executable"; includeInIndex = 0; path = "guessing number"; sourceTree = BUILT_PRODUCTS_DIR; };
		F5B822C91A1BD527000BE6C7 /* main.c */ = {isa = PBXFileReference; lastKnownFileType = sourcecode.c.c; path = main.c; sourceTree = "<group>"; };
/* End PBXFileReference section */

/* Begin PBXFrameworksBuildPhase section */
		F5B822C31A1BD527000BE6C7 /* Frameworks */ = {
			isa = PBXFrameworksBuildPhase;
			buildActionMask = 2147483647;
			files = (
			);
			runOnlyForDeploymentPostprocessing = 0;
		};
/* End PBXFrameworksBuildPhase section */

/* Begin PBXGroup section */
		F5B822BD1A1BD527000BE6C7 = {
			isa = PBXGroup;
			children = (
				F5B822C81A1BD527000BE6C7 /* guessing number */,
				F5B822C71A1BD527000BE6C7 /* Products */,
			);
			sourceTree = "<group>";
		};
		F5B822C71A1BD527000BE6C7 /* Products */ = {
			isa = PBXGroup;
			children = (
				F5B822C61A1BD527000BE6C7 /* guessing number */,
			);
			name = Products;
			sourceTree = "<group>";
		};
		F5B822C81A1BD527000BE6C7 /* guessing number */ = {
			isa = PBXGroup;
			children = (
				F5B822C91A1BD527000BE6C7 /* main.c */,
			);
			path = "guessing number";
			sourceTree = "<group>";
		};
/* End PBXGroup section */

/* Begin PBXNativeTarget section */
		F5B822C51A1BD527000BE6C7 /* guessing number */ = {
			isa = PBXNativeTarget;
			buildConfigurationList = F5B822CD1A1BD527000BE6C7 /* Build configuration list for PBXNativeTarget "guessing number" */;
			buildPhases = (
				F5B822C21A1BD527000BE6C7 /* Sources */,
				F5B822C31A1BD527000BE6C7 /* Frameworks */,
				F5B822C41A1BD527000BE6C7 /* CopyFiles */,
			);
			buildRules = (
			);
			dependencies = (
			);
			name = "guessing number";
			productName = "guessing number";
			productReference = F5B822C61A1BD527000BE6C7 /* guessing number */;
			productType = "com.apple.product-type.tool";
		};
/* End PBXNativeTarget section */

/* Begin PBXProject section */
		F5B822BE1A1BD527000BE6C7 /* Project object */ = {
			isa = PBXProject;
			attributes = {
				LastUpgradeCheck = 0610;
				ORGANIZATIONNAME = "Scott English";
				TargetAttributes = {
					F5B822C51A1BD527000BE6C7 = {
						CreatedOnToolsVersion = 6.1;
					};
				};
			};
			buildConfigurationList = F5B822C11A1BD527000BE6C7 /* Build configuration list for PBXProject "guessing number" */;
			compatibilityVersion = "Xcode 3.2";
			developmentRegion = English;
			hasScannedForEncodings = 0;
			knownRegions = (
				en,
			);
			mainGroup = F5B822BD1A1BD527000BE6C7;
			productRefGroup = F5B822C71A1BD527000BE6C7 /* Products */;
			projectDirPath = "";
			projectRoot = "";
			targets = (
				F5B822C51A1BD527000BE6C7 /* guessing number */,
			);
		};
/* End PBXProject section */

/* Begin PBXSourcesBuildPhase section */
		F5B822C21A1BD527000BE6C7 /* Sources */ = {
			isa = PBXSourcesBuildPhase;
			buildActionMask = 2147483647;
			files = (
				F5B822CA1A1BD527000BE6C7 /* main.c in Sources */,
			);
			runOnlyForDeploymentPostprocessing = 0;
		};
/* End PBXSourcesBuildPhase section */

/* Begin XCBuildConfiguration section */
		F5B822CB1A1BD527000BE6C7 /* Debug */ = {
			isa = XCBuildConfiguration;
			buildSettings = {
				ALWAYS_SEARCH_USER_PATHS = NO;
				CLANG_CXX_LANGUAGE_STANDARD = "gnu++0x";
				CLANG_CXX_LIBRARY = "libc++";
				CLANG_ENABLE_MODULES = YES;
				CLANG_ENABLE_OBJC_ARC = YES;
				CLANG_WARN_BOOL_CONVERSION = YES;
				CLANG_WARN_CONSTANT_CONVERSION = YES;
				CLANG_WARN_DIRECT_OBJC_ISA_USAGE = YES_ERROR;
				CLANG_WARN_EMPTY_BODY = YES;
				CLANG_WARN_ENUM_CONVERSION = YES;
				CLANG_WARN_INT_CONVERSION = YES;
				CLANG_WARN_OBJC_ROOT_CLASS = YES_ERROR;
				CLANG_WARN_UNREACHABLE_CODE = YES;
				CLANG_WARN__DUPLICATE_METHOD_MATCH = YES;
				COPY_PHASE_STRIP = NO;
				ENABLE_STRICT_OBJC_MSGSEND = YES;
				GCC_C_LANGUAGE_STANDARD = gnu99;
				GCC_DYNAMIC_NO_PIC = NO;
				GCC_OPTIMIZATION_LEVEL = 0;
				GCC_PREPROCESSOR_DEFINITIONS = (
					"DEBUG=1",
					"$(inherited)",
				);
				GCC_SYMBOLS_PRIVATE_EXTERN = NO;
				GCC_WARN_64_TO_32_BIT_CONVERSION = YES;
				GCC_WARN_ABOUT_RETURN_TYPE = YES_ERROR;
				GCC_WARN_UNDECLARED_SELECTOR = YES;
				GCC_WARN_UNINITIALIZED_AUTOS = YES_AGGRESSIVE;
				GCC_WARN_UNUSED_FUNCTION = YES;
				GCC_WARN_UNUSED_VARIABLE = YES;
				MACOSX_DEPLOYMENT_TARGET = 10.9;
				MTL_ENABLE_DEBUG_INFO = YES;
				ONLY_ACTIVE_ARCH = YES;
				SDKROOT = macosx;
			};
			name = Debug;
		};
		F5B822CC1A1BD527000BE6C7 /* Release */ = {
			isa = XCBuildConfiguration;
			buildSettings = {
				ALWAYS_SEARCH_USER_PATHS = NO;
				CLANG_CXX_LANGUAGE_STANDARD = "gnu++0x";
				CLANG_CXX_LIBRARY = "libc++";
				CLANG_ENABLE_MODULES = YES;
				CLANG_ENABLE_OBJC_ARC = YES;
				CLANG_WARN_BOOL_CONVERSION = YES;
				CLANG_WARN_CONSTANT_CONVERSION = YES;
				CLANG_WARN_DIRECT_OBJC_ISA_USAGE = YES_ERROR;
				CLANG_WARN_EMPTY_BODY = YES;
				CLANG_WARN_ENUM_CONVERSION = YES;
				CLANG_WARN_INT_CONVERSION = YES;
				CLANG_WARN_OBJC_ROOT_CLASS = YES_ERROR;
				CLANG_WARN_UNREACHABLE_CODE = YES;
				CLANG_WARN__DUPLICATE_METHOD_MATCH = YES;
				COPY_PHASE_STRIP = YES;
				DEBUG_INFORMATION_FORMAT = "dwarf-with-dsym";
				ENABLE_NS_ASSERTIONS = NO;
				ENABLE_STRICT_OBJC_MSGSEND = YES;
				GCC_C_LANGUAGE_STANDARD = gnu99;
				GCC_WARN_64_TO_32_BIT_CONVERSION = YES;
				GCC_WARN_ABOUT_RETURN_TYPE = YES_ERROR;
				GCC_WARN_UNDECLARED_SELECTOR = YES;
				GCC_WARN_UNINITIALIZED_AUTOS = YES_AGGRESSIVE;
				GCC_WARN_UNUSED_FUNCTION = YES;
				GCC_WARN_UNUSED_VARIABLE = YES;
				MACOSX_DEPLOYMENT_TARGET = 10.9;
				MTL_ENABLE_DEBUG_INFO = NO;
				SDKROOT = macosx;
			};
			name = Release;
		};
		F5B822CE1A1BD527000BE6C7 /* Debug */ = {
			isa = XCBuildConfiguration;
			buildSettings = {
				PRODUCT_NAME = "$(TARGET_NAME)";
			};
			name = Debug;
		};
		F5B822CF1A1BD527000BE6C7 /* Release */ = {
			isa = XCBuildConfiguration;
			buildSettings = {
				PRODUCT_NAME = "$(TARGET_NAME)";
			};
			name = Release;
		};
/* End XCBuildConfiguration section */

/* Begin XCConfigurationList section */
		F5B822C11A1BD527000BE6C7 /* Build configuration list for PBXProject "guessing number" */ = {
			isa = XCConfigurationList;
			buildConfigurations = (
				F5B822CB1A1BD527000BE6C7 /* Debug */,
				F5B822CC1A1BD527000BE6C7 /* Release */,
			);
			defaultConfigurationIsVisible = 0;
			defaultConfigurationName = Release;
		};
		F5B822CD1A1BD527000BE6C7 /* Build configuration list for PBXNativeTarget "guessing number" */ = {
			isa = XCConfigurationList;
			buildConfigurations = (
				F5B822CE1A1BD527000BE6C7 /* Debug */,
				F5B822CF1A1BD527000BE6C7 /* Release */,
			);
			defaultConfigurationIsVisible = 0;
		};
/* End XCConfigurationList section */
	};
	rootObject = F5B822BE1A1BD527000BE6C7 /* Project object */;
}
